<?xml version="1.0" encoding="utf-8"?>
<Project ToolsVersion="4.0" xmlns="http://schemas.microsoft.com/developer/msbuild/2003">
  <ItemGroup>
    <Filter Include="Source Files">
      <UniqueIdentifier>{4FC737F1-C7A5-4376-A066-2A32D752A2FF}</UniqueIdentifier>
      <Extensions>cpp;c;cc;cxx;def;odl;idl;hpj;bat;asm;asmx</Extensions>
    </Filter>
    <Filter Include="Header Files">
      <UniqueIdentifier>{93995380-89BD-4b04-88EB-625FBE52EBFB}</UniqueIdentifier>
      <Extensions>h;hh;hpp;hxx;hm;inl;inc;xsd</Extensions>
    </Filter>
    <Filter Include="Resource Files">
      <UniqueIdentifier>{67DA6AB6-F800-4c08-8B7A-83BB121AAD01}</UniqueIdentifier>
      <Extensions>
      </Extensions>
    </Filter>
    <Filter Include="Resource Files\Images">
      <UniqueIdentifier>{2562f1cb-28be-4eef-b892-ef8b817a5a59}</UniqueIdentifier>
      <Extensions>rc;ico;cur;bmp;dlg;rc2;rct;bin;rgs;gif;jpg;jpeg;jpe;resx;tiff;tif;png;wav;mfcribbon-ms</Extensions>
    </Filter>
    <Filter Include="Resource Files\Annotations">
      <UniqueIdentifier>{c544a998-423b-4d8a-b03c-d4570219d682}</UniqueIdentifier>
      <Extensions>asf</Extensions>
    </Filter>
  </ItemGroup>
  <ItemGroup>
    <ClCompile Include="main.cpp">
      <Filter>Source Files</Filter>
    </ClCompile>
    <ClCompile Include="WebCam.cpp">
      <Filter>Source Files</Filter>
    </ClCompile>
    <ClCompile Include="Delaunay.cpp">
      <Filter>Source Files</Filter>
    </ClCompile>
    <ClCompile Include="AAM.cpp">
      <Filter>Source Files</Filter>
    </ClCompile>
    <ClCompile Include="TImage.cpp">
      <Filter>Source Files</Filter>
    </ClCompile>
  </ItemGroup>
  <ItemGroup>
    <ClInclude Include="WebCam.h">
      <Filter>Header Files</Filter>
    </ClInclude>
    <ClInclude Include="Delaunay.h">
      <Filter>Header Files</Filter>
    </ClInclude>
    <ClInclude Include="AAM.h">
      <Filter>Header Files</Filter>
    </ClInclude>
    <ClInclude Include="TImage.h">
      <Filter>Header Files</Filter>
    </ClInclude>
  </ItemGroup>
  <ItemGroup>
    <None Include="..\..\media\IMM\01-1m.asf">
      <Filter>Resource Files\Annotations</Filter>
    </None>
    <None Include="..\..\media\IMM\01-2m.asf">
      <Filter>Resource Files\Annotations</Filter>
    </None>
    <None Include="..\..\media\IMM\01-3m.asf">
      <Filter>Resource Files\Annotations</Filter>
    </None>
    <None Include="..\..\media\IMM\01-4m.asf">
      <Filter>Resource Files\Annotations</Filter>
    </None>
    <None Include="..\..\media\IMM\01-5m.asf">
      <Filter>Resource Files\Annotations</Filter>
    </None>
    <None Include="..\..\media\IMM\01-6m.asf">
      <Filter>Resource Files\Annotations</Filter>
    </None>
    <None Include="..\..\media\IMM\02-1m.asf">
      <Filter>Resource Files\Annotations</Filter>
    </None>
    <None Include="..\..\media\IMM\02-2m.asf">
      <Filter>Resource Files\Annotations</Filter>
    </None>
    <None Include="..\..\media\IMM\02-3m.asf">
      <Filter>Resource Files\Annotations</Filter>
    </None>
    <None Include="..\..\media\IMM\02-4m.asf">
      <Filter>Resource Files\Annotations</Filter>
    </None>
    <None Include="..\..\media\IMM\02-5m.asf">
      <Filter>Resource Files\Annotations</Filter>
    </None>
    <None Include="..\..\media\IMM\02-6m.asf">
      <Filter>Resource Files\Annotations</Filter>
    </None>
    <None Include="..\..\media\IMM\03-1m.asf">
      <Filter>Resource Files\Annotations</Filter>
    </None>
    <None Include="..\..\media\IMM\03-2m.asf">
      <Filter>Resource Files\Annotations</Filter>
    </None>
    <None Include="..\..\media\IMM\03-3m.asf">
      <Filter>Resource Files\Annotations</Filter>
    </None>
    <None Include="..\..\media\IMM\03-4m.asf">
      <Filter>Resource Files\Annotations</Filter>
    </None>
    <None Include="..\..\media\IMM\03-5m.asf">
      <Filter>Resource Files\Annotations</Filter>
    </None>
    <None Include="..\..\media\IMM\03-6m.asf">
      <Filter>Resource Files\Annotations</Filter>
    </None>
    <None Include="..\..\media\IMM\04-1m.asf">
      <Filter>Resource Files\Annotations</Filter>
    </None>
    <None Include="..\..\media\IMM\04-2m.asf">
      <Filter>Resource Files\Annotations</Filter>
    </None>
    <None Include="..\..\media\IMM\04-3m.asf">
      <Filter>Resource Files\Annotations</Filter>
    </None>
    <None Include="..\..\media\IMM\04-4m.asf">
      <Filter>Resource Files\Annotations</Filter>
    </None>
    <None Include="..\..\media\IMM\04-5m.asf">
      <Filter>Resource Files\Annotations</Filter>
    </None>
    <None Include="..\..\media\IMM\04-6m.asf">
      <Filter>Resource Files\Annotations</Filter>
    </None>
    <None Include="..\..\media\IMM\05-1m.asf">
      <Filter>Resource Files\Annotations</Filter>
    </None>
    <None Include="..\..\media\IMM\05-2m.asf">
      <Filter>Resource Files\Annotations</Filter>
    </None>
    <None Include="..\..\media\IMM\05-3m.asf">
      <Filter>Resource Files\Annotations</Filter>
    </None>
    <None Include="..\..\media\IMM\05-4m.asf">
      <Filter>Resource Files\Annotations</Filter>
    </None>
    <None Include="..\..\media\IMM\05-5m.asf">
      <Filter>Resource Files\Annotations</Filter>
    </None>
    <None Include="..\..\media\IMM\05-6m.asf">
      <Filter>Resource Files\Annotations</Filter>
    </None>
    <None Include="..\..\media\IMM\06-1m.asf">
      <Filter>Resource Files\Annotations</Filter>
    </None>
    <None Include="..\..\media\IMM\06-2m.asf">
      <Filter>Resource Files\Annotations</Filter>
    </None>
    <None Include="..\..\media\IMM\06-3m.asf">
      <Filter>Resource Files\Annotations</Filter>
    </None>
    <None Include="..\..\media\IMM\06-4m.asf">
      <Filter>Resource Files\Annotations</Filter>
    </None>
    <None Include="..\..\media\IMM\06-5m.asf">
      <Filter>Resource Files\Annotations</Filter>
    </None>
    <None Include="..\..\media\IMM\06-6m.asf">
      <Filter>Resource Files\Annotations</Filter>
    </None>
    <None Include="..\..\media\IMM\07-1m.asf">
      <Filter>Resource Files\Annotations</Filter>
    </None>
    <None Include="..\..\media\IMM\07-2m.asf">
      <Filter>Resource Files\Annotations</Filter>
    </None>
    <None Include="..\..\media\IMM\07-3m.asf">
      <Filter>Resource Files\Annotations</Filter>
    </None>
    <None Include="..\..\media\IMM\07-4m.asf">
      <Filter>Resource Files\Annotations</Filter>
    </None>
    <None Include="..\..\media\IMM\07-5m.asf">
      <Filter>Resource Files\Annotations</Filter>
    </None>
    <None Include="..\..\media\IMM\07-6m.asf">
      <Filter>Resource Files\Annotations</Filter>
    </None>
    <None Include="..\..\media\IMM\08-1f.asf">
      <Filter>Resource Files\Annotations</Filter>
    </None>
    <None Include="..\..\media\IMM\08-2f.asf">
      <Filter>Resource Files\Annotations</Filter>
    </None>
    <None Include="..\..\media\IMM\08-3f.asf">
      <Filter>Resource Files\Annotations</Filter>
    </None>
    <None Include="..\..\media\IMM\08-4f.asf">
      <Filter>Resource Files\Annotations</Filter>
    </None>
    <None Include="..\..\media\IMM\08-5f.asf">
      <Filter>Resource Files\Annotations</Filter>
    </None>
    <None Include="..\..\media\IMM\08-6f.asf">
      <Filter>Resource Files\Annotations</Filter>
    </None>
    <None Include="..\..\media\IMM\09-1m.asf">
      <Filter>Resource Files\Annotations</Filter>
    </None>
    <None Include="..\..\media\IMM\09-2m.asf">
      <Filter>Resource Files\Annotations</Filter>
    </None>
    <None Include="..\..\media\IMM\09-3m.asf">
      <Filter>Resource Files\Annotations</Filter>
    </None>
    <None Include="..\..\media\IMM\09-4m.asf">
      <Filter>Resource Files\Annotations</Filter>
    </None>
    <None Include="..\..\media\IMM\09-5m.asf">
      <Filter>Resource Files\Annotations</Filter>
    </None>
    <None Include="..\..\media\IMM\09-6m.asf">
      <Filter>Resource Files\Annotations</Filter>
    </None>
    <None Include="..\..\media\IMM\10-1m.asf">
      <Filter>Resource Files\Annotations</Filter>
    </None>
    <None Include="..\..\media\IMM\10-2m.asf">
      <Filter>Resource Files\Annotations</Filter>
    </None>
    <None Include="..\..\media\IMM\10-3m.asf">
      <Filter>Resource Files\Annotations</Filter>
    </None>
    <None Include="..\..\media\IMM\10-4m.asf">
      <Filter>Resource Files\Annotations</Filter>
    </None>
    <None Include="..\..\media\IMM\10-5m.asf">
      <Filter>Resource Files\Annotations</Filter>
    </None>
    <None Include="..\..\media\IMM\10-6m.asf">
      <Filter>Resource Files\Annotations</Filter>
    </None>
    <None Include="..\..\media\IMM\11-1m.asf">
      <Filter>Resource Files\Annotations</Filter>
    </None>
    <None Include="..\..\media\IMM\11-2m.asf">
      <Filter>Resource Files\Annotations</Filter>
    </None>
    <None Include="..\..\media\IMM\11-3m.asf">
      <Filter>Resource Files\Annotations</Filter>
    </None>
    <None Include="..\..\media\IMM\11-4m.asf">
      <Filter>Resource Files\Annotations</Filter>
    </None>
    <None Include="..\..\media\IMM\11-5m.asf">
      <Filter>Resource Files\Annotations</Filter>
    </None>
    <None Include="..\..\media\IMM\11-6m.asf">
      <Filter>Resource Files\Annotations</Filter>
    </None>
    <None Include="..\..\media\IMM\12-1f.asf">
      <Filter>Resource Files\Annotations</Filter>
    </None>
    <None Include="..\..\media\IMM\12-2f.asf">
      <Filter>Resource Files\Annotations</Filter>
    </None>
    <None Include="..\..\media\IMM\12-3f.asf">
      <Filter>Resource Files\Annotations</Filter>
    </None>
    <None Include="..\..\media\IMM\12-4f.asf">
      <Filter>Resource Files\Annotations</Filter>
    </None>
    <None Include="..\..\media\IMM\12-5f.asf">
      <Filter>Resource Files\Annotations</Filter>
    </None>
    <None Include="..\..\media\IMM\12-6f.asf">
      <Filter>Resource Files\Annotations</Filter>
    </None>
    <None Include="..\..\media\IMM\13-1m.asf">
      <Filter>Resource Files\Annotations</Filter>
    </None>
    <None Include="..\..\media\IMM\13-2m.asf">
      <Filter>Resource Files\Annotations</Filter>
    </None>
    <None Include="..\..\media\IMM\13-3m.asf">
      <Filter>Resource Files\Annotations</Filter>
    </None>
    <None Include="..\..\media\IMM\13-4m.asf">
      <Filter>Resource Files\Annotations</Filter>
    </None>
    <None Include="..\..\media\IMM\13-5m.asf">
      <Filter>Resource Files\Annotations</Filter>
    </None>
    <None Include="..\..\media\IMM\13-6m.asf">
      <Filter>Resource Files\Annotations</Filter>
    </None>
    <None Include="..\..\media\IMM\14-1f.asf">
      <Filter>Resource Files\Annotations</Filter>
    </None>
    <None Include="..\..\media\IMM\14-2f.asf">
      <Filter>Resource Files\Annotations</Filter>
    </None>
    <None Include="..\..\media\IMM\14-3f.asf">
      <Filter>Resource Files\Annotations</Filter>
    </None>
    <None Include="..\..\media\IMM\14-4f.asf">
      <Filter>Resource Files\Annotations</Filter>
    </None>
    <None Include="..\..\media\IMM\14-5f.asf">
      <Filter>Resource Files\Annotations</Filter>
    </None>
    <None Include="..\..\media\IMM\14-6f.asf">
      <Filter>Resource Files\Annotations</Filter>
    </None>
    <None Include="..\..\media\IMM\15-1f.asf">
      <Filter>Resource Files\Annotations</Filter>
    </None>
    <None Include="..\..\media\IMM\15-2f.asf">
      <Filter>Resource Files\Annotations</Filter>
    </None>
    <None Include="..\..\media\IMM\15-3f.asf">
      <Filter>Resource Files\Annotations</Filter>
    </None>
    <None Include="..\..\media\IMM\15-4f.asf">
      <Filter>Resource Files\Annotations</Filter>
    </None>
    <None Include="..\..\media\IMM\15-5f.asf">
      <Filter>Resource Files\Annotations</Filter>
    </None>
    <None Include="..\..\media\IMM\15-6f.asf">
      <Filter>Resource Files\Annotations</Filter>
    </None>
    <None Include="..\..\media\IMM\16-1m.asf">
      <Filter>Resource Files\Annotations</Filter>
    </None>
    <None Include="..\..\media\IMM\16-2m.asf">
      <Filter>Resource Files\Annotations</Filter>
    </None>
    <None Include="..\..\media\IMM\16-3m.asf">
      <Filter>Resource Files\Annotations</Filter>
    </None>
    <None Include="..\..\media\IMM\16-4m.asf">
      <Filter>Resource Files\Annotations</Filter>
    </None>
    <None Include="..\..\media\IMM\16-5m.asf">
      <Filter>Resource Files\Annotations</Filter>
    </None>
    <None Include="..\..\media\IMM\16-6m.asf">
      <Filter>Resource Files\Annotations</Filter>
    </None>
    <None Include="..\..\media\IMM\17-1m.asf">
      <Filter>Resource Files\Annotations</Filter>
    </None>
    <None Include="..\..\media\IMM\17-2m.asf">
      <Filter>Resource Files\Annotations</Filter>
    </None>
    <None Include="..\..\media\IMM\17-3m.asf">
      <Filter>Resource Files\Annotations</Filter>
    </None>
    <None Include="..\..\media\IMM\17-4m.asf">
      <Filter>Resource Files\Annotations</Filter>
    </None>
    <None Include="..\..\media\IMM\17-5m.asf">
      <Filter>Resource Files\Annotations</Filter>
    </None>
    <None Include="..\..\media\IMM\17-6m.asf">
      <Filter>Resource Files\Annotations</Filter>
    </None>
    <None Include="..\..\media\IMM\18-1m.asf">
      <Filter>Resource Files\Annotations</Filter>
    </None>
    <None Include="..\..\media\IMM\18-2m.asf">
      <Filter>Resource Files\Annotations</Filter>
    </None>
    <None Include="..\..\media\IMM\18-3m.asf">
      <Filter>Resource Files\Annotations</Filter>
    </None>
    <None Include="..\..\media\IMM\18-4m.asf">
      <Filter>Resource Files\Annotations</Filter>
    </None>
    <None Include="..\..\media\IMM\18-5m.asf">
      <Filter>Resource Files\Annotations</Filter>
    </None>
    <None Include="..\..\media\IMM\18-6m.asf">
      <Filter>Resource Files\Annotations</Filter>
    </None>
    <None Include="..\..\media\IMM\19-1m.asf">
      <Filter>Resource Files\Annotations</Filter>
    </None>
    <None Include="..\..\media\IMM\19-2m.asf">
      <Filter>Resource Files\Annotations</Filter>
    </None>
    <None Include="..\..\media\IMM\19-3m.asf">
      <Filter>Resource Files\Annotations</Filter>
    </None>
    <None Include="..\..\media\IMM\19-4m.asf">
      <Filter>Resource Files\Annotations</Filter>
    </None>
    <None Include="..\..\media\IMM\19-5m.asf">
      <Filter>Resource Files\Annotations</Filter>
    </None>
    <None Include="..\..\media\IMM\19-6m.asf">
      <Filter>Resource Files\Annotations</Filter>
    </None>
    <None Include="..\..\media\IMM\20-1m.asf">
      <Filter>Resource Files\Annotations</Filter>
    </None>
    <None Include="..\..\media\IMM\20-2m.asf">
      <Filter>Resource Files\Annotations</Filter>
    </None>
    <None Include="..\..\media\IMM\20-3m.asf">
      <Filter>Resource Files\Annotations</Filter>
    </None>
    <None Include="..\..\media\IMM\20-4m.asf">
      <Filter>Resource Files\Annotations</Filter>
    </None>
    <None Include="..\..\media\IMM\20-5m.asf">
      <Filter>Resource Files\Annotations</Filter>
    </None>
    <None Include="..\..\media\IMM\20-6m.asf">
      <Filter>Resource Files\Annotations</Filter>
    </None>
    <None Include="..\..\media\IMM\21-1m.asf">
      <Filter>Resource Files\Annotations</Filter>
    </None>
    <None Include="..\..\media\IMM\21-2m.asf">
      <Filter>Resource Files\Annotations</Filter>
    </None>
    <None Include="..\..\media\IMM\21-3m.asf">
      <Filter>Resource Files\Annotations</Filter>
    </None>
    <None Include="..\..\media\IMM\21-4m.asf">
      <Filter>Resource Files\Annotations</Filter>
    </None>
    <None Include="..\..\media\IMM\21-5m.asf">
      <Filter>Resource Files\Annotations</Filter>
    </None>
    <None Include="..\..\media\IMM\21-6m.asf">
      <Filter>Resource Files\Annotations</Filter>
    </None>
    <None Include="..\..\media\IMM\22-1f.asf">
      <Filter>Resource Files\Annotations</Filter>
    </None>
    <None Include="..\..\media\IMM\22-2f.asf">
      <Filter>Resource Files\Annotations</Filter>
    </None>
    <None Include="..\..\media\IMM\22-3f.asf">
      <Filter>Resource Files\Annotations</Filter>
    </None>
    <None Include="..\..\media\IMM\22-4f.asf">
      <Filter>Resource Files\Annotations</Filter>
    </None>
    <None Include="..\..\media\IMM\22-5f.asf">
      <Filter>Resource Files\Annotations</Filter>
    </None>
    <None Include="..\..\media\IMM\22-6f.asf">
      <Filter>Resource Files\Annotations</Filter>
    </None>
    <None Include="..\..\media\IMM\23-1m.asf">
      <Filter>Resource Files\Annotations</Filter>
    </None>
    <None Include="..\..\media\IMM\23-2m.asf">
      <Filter>Resource Files\Annotations</Filter>
    </None>
    <None Include="..\..\media\IMM\23-3m.asf">
      <Filter>Resource Files\Annotations</Filter>
    </None>
    <None Include="..\..\media\IMM\23-4m.asf">
      <Filter>Resource Files\Annotations</Filter>
    </None>
    <None Include="..\..\media\IMM\23-5m.asf">
      <Filter>Resource Files\Annotations</Filter>
    </None>
    <None Include="..\..\media\IMM\23-6m.asf">
      <Filter>Resource Files\Annotations</Filter>
    </None>
    <None Include="..\..\media\IMM\24-1m.asf">
      <Filter>Resource Files\Annotations</Filter>
    </None>
    <None Include="..\..\media\IMM\24-2m.asf">
      <Filter>Resource Files\Annotations</Filter>
    </None>
    <None Include="..\..\media\IMM\24-3m.asf">
      <Filter>Resource Files\Annotations</Filter>
    </None>
    <None Include="..\..\media\IMM\24-4m.asf">
      <Filter>Resource Files\Annotations</Filter>
    </None>
    <None Include="..\..\media\IMM\24-5m.asf">
      <Filter>Resource Files\Annotations</Filter>
    </None>
    <None Include="..\..\media\IMM\24-6m.asf">
      <Filter>Resource Files\Annotations</Filter>
    </None>
    <None Include="..\..\media\IMM\25-1m.asf">
      <Filter>Resource Files\Annotations</Filter>
    </None>
    <None Include="..\..\media\IMM\25-2m.asf">
      <Filter>Resource Files\Annotations</Filter>
    </None>
    <None Include="..\..\media\IMM\25-3m.asf">
      <Filter>Resource Files\Annotations</Filter>
    </None>
    <None Include="..\..\media\IMM\25-4m.asf">
      <Filter>Resource Files\Annotations</Filter>
    </None>
    <None Include="..\..\media\IMM\25-5m.asf">
      <Filter>Resource Files\Annotations</Filter>
    </None>
    <None Include="..\..\media\IMM\25-6m.asf">
      <Filter>Resource Files\Annotations</Filter>
    </None>
    <None Include="..\..\media\IMM\26-1m.asf">
      <Filter>Resource Files\Annotations</Filter>
    </None>
    <None Include="..\..\media\IMM\26-2m.asf">
      <Filter>Resource Files\Annotations</Filter>
    </None>
    <None Include="..\..\media\IMM\26-3m.asf">
      <Filter>Resource Files\Annotations</Filter>
    </None>
    <None Include="..\..\media\IMM\26-4m.asf">
      <Filter>Resource Files\Annotations</Filter>
    </None>
    <None Include="..\..\media\IMM\26-5m.asf">
      <Filter>Resource Files\Annotations</Filter>
    </None>
    <None Include="..\..\media\IMM\26-6m.asf">
      <Filter>Resource Files\Annotations</Filter>
    </None>
    <None Include="..\..\media\IMM\27-1m.asf">
      <Filter>Resource Files\Annotations</Filter>
    </None>
    <None Include="..\..\media\IMM\27-2m.asf">
      <Filter>Resource Files\Annotations</Filter>
    </None>
    <None Include="..\..\media\IMM\27-3m.asf">
      <Filter>Resource Files\Annotations</Filter>
    </None>
    <None Include="..\..\media\IMM\27-4m.asf">
      <Filter>Resource Files\Annotations</Filter>
    </None>
    <None Include="..\..\media\IMM\27-5m.asf">
      <Filter>Resource Files\Annotations</Filter>
    </None>
    <None Include="..\..\media\IMM\27-6m.asf">
      <Filter>Resource Files\Annotations</Filter>
    </None>
    <None Include="..\..\media\IMM\28-1m.asf">
      <Filter>Resource Files\Annotations</Filter>
    </None>
    <None Include="..\..\media\IMM\28-2m.asf">
      <Filter>Resource Files\Annotations</Filter>
    </None>
    <None Include="..\..\media\IMM\28-3m.asf">
      <Filter>Resource Files\Annotations</Filter>
    </None>
    <None Include="..\..\media\IMM\28-4m.asf">
      <Filter>Resource Files\Annotations</Filter>
    </None>
    <None Include="..\..\media\IMM\28-5m.asf">
      <Filter>Resource Files\Annotations</Filter>
    </None>
    <None Include="..\..\media\IMM\28-6m.asf">
      <Filter>Resource Files\Annotations</Filter>
    </None>
    <None Include="..\..\media\IMM\29-1m.asf">
      <Filter>Resource Files\Annotations</Filter>
    </None>
    <None Include="..\..\media\IMM\29-2m.asf">
      <Filter>Resource Files\Annotations</Filter>
    </None>
    <None Include="..\..\media\IMM\29-3m.asf">
      <Filter>Resource Files\Annotations</Filter>
    </None>
    <None Include="..\..\media\IMM\29-4m.asf">
      <Filter>Resource Files\Annotations</Filter>
    </None>
    <None Include="..\..\media\IMM\29-5m.asf">
      <Filter>Resource Files\Annotations</Filter>
    </None>
    <None Include="..\..\media\IMM\29-6m.asf">
      <Filter>Resource Files\Annotations</Filter>
    </None>
    <None Include="..\..\media\IMM\30-1f.asf">
      <Filter>Resource Files\Annotations</Filter>
    </None>
    <None Include="..\..\media\IMM\30-2f.asf">
      <Filter>Resource Files\Annotations</Filter>
    </None>
    <None Include="..\..\media\IMM\30-3f.asf">
      <Filter>Resource Files\Annotations</Filter>
    </None>
    <None Include="..\..\media\IMM\30-4f.asf">
      <Filter>Resource Files\Annotations</Filter>
    </None>
    <None Include="..\..\media\IMM\30-5f.asf">
      <Filter>Resource Files\Annotations</Filter>
    </None>
    <None Include="..\..\media\IMM\30-6f.asf">
      <Filter>Resource Files\Annotations</Filter>
    </None>
    <None Include="..\..\media\IMM\31-1m.asf">
      <Filter>Resource Files\Annotations</Filter>
    </None>
    <None Include="..\..\media\IMM\31-2m.asf">
      <Filter>Resource Files\Annotations</Filter>
    </None>
    <None Include="..\..\media\IMM\31-3m.asf">
      <Filter>Resource Files\Annotations</Filter>
    </None>
    <None Include="..\..\media\IMM\31-4m.asf">
      <Filter>Resource Files\Annotations</Filter>
    </None>
    <None Include="..\..\media\IMM\31-5m.asf">
      <Filter>Resource Files\Annotations</Filter>
    </None>
    <None Include="..\..\media\IMM\31-6m.asf">
      <Filter>Resource Files\Annotations</Filter>
    </None>
    <None Include="..\..\media\IMM\32-1m.asf">
      <Filter>Resource Files\Annotations</Filter>
    </None>
    <None Include="..\..\media\IMM\32-2m.asf">
      <Filter>Resource Files\Annotations</Filter>
    </None>
    <None Include="..\..\media\IMM\32-3m.asf">
      <Filter>Resource Files\Annotations</Filter>
    </None>
    <None Include="..\..\media\IMM\32-4m.asf">
      <Filter>Resource Files\Annotations</Filter>
    </None>
    <None Include="..\..\media\IMM\32-5m.asf">
      <Filter>Resource Files\Annotations</Filter>
    </None>
    <None Include="..\..\media\IMM\32-6m.asf">
      <Filter>Resource Files\Annotations</Filter>
    </None>
    <None Include="..\..\media\IMM\33-1m.asf">
      <Filter>Resource Files\Annotations</Filter>
    </None>
    <None Include="..\..\media\IMM\33-2m.asf">
      <Filter>Resource Files\Annotations</Filter>
    </None>
    <None Include="..\..\media\IMM\33-3m.asf">
      <Filter>Resource Files\Annotations</Filter>
    </None>
    <None Include="..\..\media\IMM\33-4m.asf">
      <Filter>Resource Files\Annotations</Filter>
    </None>
    <None Include="..\..\media\IMM\33-5m.asf">
      <Filter>Resource Files\Annotations</Filter>
    </None>
    <None Include="..\..\media\IMM\33-6m.asf">
      <Filter>Resource Files\Annotations</Filter>
    </None>
    <None Include="..\..\media\IMM\34-1m.asf">
      <Filter>Resource Files\Annotations</Filter>
    </None>
    <None Include="..\..\media\IMM\34-2m.asf">
      <Filter>Resource Files\Annotations</Filter>
    </None>
    <None Include="..\..\media\IMM\34-3m.asf">
      <Filter>Resource Files\Annotations</Filter>
    </None>
    <None Include="..\..\media\IMM\34-4m.asf">
      <Filter>Resource Files\Annotations</Filter>
    </None>
    <None Include="..\..\media\IMM\34-5m.asf">
      <Filter>Resource Files\Annotations</Filter>
    </None>
    <None Include="..\..\media\IMM\34-6m.asf">
      <Filter>Resource Files\Annotations</Filter>
    </None>
    <None Include="..\..\media\IMM\35-1f.asf">
      <Filter>Resource Files\Annotations</Filter>
    </None>
    <None Include="..\..\media\IMM\35-2f.asf">
      <Filter>Resource Files\Annotations</Filter>
    </None>
    <None Include="..\..\media\IMM\35-3f.asf">
      <Filter>Resource Files\Annotations</Filter>
    </None>
    <None Include="..\..\media\IMM\35-4f.asf">
      <Filter>Resource Files\Annotations</Filter>
    </None>
    <None Include="..\..\media\IMM\35-5f.asf">
      <Filter>Resource Files\Annotations</Filter>
    </None>
    <None Include="..\..\media\IMM\35-6f.asf">
      <Filter>Resource Files\Annotations</Filter>
    </None>
    <None Include="..\..\media\IMM\36-1m.asf">
      <Filter>Resource Files\Annotations</Filter>
    </None>
    <None Include="..\..\media\IMM\36-2m.asf">
      <Filter>Resource Files\Annotations</Filter>
    </None>
    <None Include="..\..\media\IMM\36-3m.asf">
      <Filter>Resource Files\Annotations</Filter>
    </None>
    <None Include="..\..\media\IMM\36-4m.asf">
      <Filter>Resource Files\Annotations</Filter>
    </None>
    <None Include="..\..\media\IMM\36-5m.asf">
      <Filter>Resource Files\Annotations</Filter>
    </None>
    <None Include="..\..\media\IMM\36-6m.asf">
      <Filter>Resource Files\Annotations</Filter>
    </None>
    <None Include="..\..\media\IMM\37-1m.asf">
      <Filter>Resource Files\Annotations</Filter>
    </None>
    <None Include="..\..\media\IMM\37-2m.asf">
      <Filter>Resource Files\Annotations</Filter>
    </None>
    <None Include="..\..\media\IMM\37-3m.asf">
      <Filter>Resource Files\Annotations</Filter>
    </None>
    <None Include="..\..\media\IMM\37-4m.asf">
      <Filter>Resource Files\Annotations</Filter>
    </None>
    <None Include="..\..\media\IMM\37-5m.asf">
      <Filter>Resource Files\Annotations</Filter>
    </None>
    <None Include="..\..\media\IMM\37-6m.asf">
      <Filter>Resource Files\Annotations</Filter>
    </None>
    <None Include="..\..\media\IMM\38-1m.asf">
      <Filter>Resource Files\Annotations</Filter>
    </None>
    <None Include="..\..\media\IMM\38-2m.asf">
      <Filter>Resource Files\Annotations</Filter>
    </None>
    <None Include="..\..\media\IMM\38-3m.asf">
      <Filter>Resource Files\Annotations</Filter>
    </None>
    <None Include="..\..\media\IMM\38-4m.asf">
      <Filter>Resource Files\Annotations</Filter>
    </None>
    <None Include="..\..\media\IMM\38-5m.asf">
      <Filter>Resource Files\Annotations</Filter>
    </None>
    <None Include="..\..\media\IMM\38-6m.asf">
      <Filter>Resource Files\Annotations</Filter>
    </None>
    <None Include="..\..\media\IMM\39-1m.asf">
      <Filter>Resource Files\Annotations</Filter>
    </None>
    <None Include="..\..\media\IMM\39-2m.asf">
      <Filter>Resource Files\Annotations</Filter>
    </None>
    <None Include="..\..\media\IMM\39-3m.asf">
      <Filter>Resource Files\Annotations</Filter>
    </None>
    <None Include="..\..\media\IMM\39-4m.asf">
      <Filter>Resource Files\Annotations</Filter>
    </None>
    <None Include="..\..\media\IMM\39-5m.asf">
      <Filter>Resource Files\Annotations</Filter>
    </None>
    <None Include="..\..\media\IMM\39-6m.asf">
      <Filter>Resource Files\Annotations</Filter>
    </None>
    <None Include="..\..\media\IMM\40-1m.asf">
      <Filter>Resource Files\Annotations</Filter>
    </None>
    <None Include="..\..\media\IMM\40-2m.asf">
      <Filter>Resource Files\Annotations</Filter>
    </None>
    <None Include="..\..\media\IMM\40-3m.asf">
      <Filter>Resource Files\Annotations</Filter>
    </None>
    <None Include="..\..\media\IMM\40-4m.asf">
      <Filter>Resource Files\Annotations</Filter>
    </None>
    <None Include="..\..\media\IMM\40-5m.asf">
      <Filter>Resource Files\Annotations</Filter>
    </None>
    <None Include="..\..\media\IMM\40-6m.asf">
      <Filter>Resource Files\Annotations</Filter>
    </None>
  </ItemGroup>
  <ItemGroup>
    <Image Include="..\..\media\IMM\01-1m.jpg">
      <Filter>Resource Files\Images</Filter>
    </Image>
    <Image Include="..\..\media\IMM\01-2m.jpg">
      <Filter>Resource Files\Images</Filter>
    </Image>
    <Image Include="..\..\media\IMM\01-3m.jpg">
      <Filter>Resource Files\Images</Filter>
    </Image>
    <Image Include="..\..\media\IMM\01-4m.jpg">
      <Filter>Resource Files\Images</Filter>
    </Image>
    <Image Include="..\..\media\IMM\01-5m.jpg">
      <Filter>Resource Files\Images</Filter>
    </Image>
    <Image Include="..\..\media\IMM\01-6m.jpg">
      <Filter>Resource Files\Images</Filter>
    </Image>
    <Image Include="..\..\media\IMM\02-1m.jpg">
      <Filter>Resource Files\Images</Filter>
    </Image>
    <Image Include="..\..\media\IMM\02-2m.jpg">
      <Filter>Resource Files\Images</Filter>
    </Image>
    <Image Include="..\..\media\IMM\02-3m.jpg">
      <Filter>Resource Files\Images</Filter>
    </Image>
    <Image Include="..\..\media\IMM\02-4m.jpg">
      <Filter>Resource Files\Images</Filter>
    </Image>
    <Image Include="..\..\media\IMM\02-5m.jpg">
      <Filter>Resource Files\Images</Filter>
    </Image>
    <Image Include="..\..\media\IMM\02-6m.jpg">
      <Filter>Resource Files\Images</Filter>
    </Image>
    <Image Include="..\..\media\IMM\03-1m.jpg">
      <Filter>Resource Files\Images</Filter>
    </Image>
    <Image Include="..\..\media\IMM\03-2m.jpg">
      <Filter>Resource Files\Images</Filter>
    </Image>
    <Image Include="..\..\media\IMM\03-3m.jpg">
      <Filter>Resource Files\Images</Filter>
    </Image>
    <Image Include="..\..\media\IMM\03-4m.jpg">
      <Filter>Resource Files\Images</Filter>
    </Image>
    <Image Include="..\..\media\IMM\03-5m.jpg">
      <Filter>Resource Files\Images</Filter>
    </Image>
    <Image Include="..\..\media\IMM\03-6m.jpg">
      <Filter>Resource Files\Images</Filter>
    </Image>
    <Image Include="..\..\media\IMM\04-1m.jpg">
      <Filter>Resource Files\Images</Filter>
    </Image>
    <Image Include="..\..\media\IMM\04-2m.jpg">
      <Filter>Resource Files\Images</Filter>
    </Image>
    <Image Include="..\..\media\IMM\04-3m.jpg">
      <Filter>Resource Files\Images</Filter>
    </Image>
    <Image Include="..\..\media\IMM\04-4m.jpg">
      <Filter>Resource Files\Images</Filter>
    </Image>
    <Image Include="..\..\media\IMM\04-5m.jpg">
      <Filter>Resource Files\Images</Filter>
    </Image>
    <Image Include="..\..\media\IMM\04-6m.jpg">
      <Filter>Resource Files\Images</Filter>
    </Image>
    <Image Include="..\..\media\IMM\05-1m.jpg">
      <Filter>Resource Files\Images</Filter>
    </Image>
    <Image Include="..\..\media\IMM\05-2m.jpg">
      <Filter>Resource Files\Images</Filter>
    </Image>
    <Image Include="..\..\media\IMM\05-3m.jpg">
      <Filter>Resource Files\Images</Filter>
    </Image>
    <Image Include="..\..\media\IMM\05-4m.jpg">
      <Filter>Resource Files\Images</Filter>
    </Image>
    <Image Include="..\..\media\IMM\05-5m.jpg">
      <Filter>Resource Files\Images</Filter>
    </Image>
    <Image Include="..\..\media\IMM\05-6m.jpg">
      <Filter>Resource Files\Images</Filter>
    </Image>
    <Image Include="..\..\media\IMM\06-1m.jpg">
      <Filter>Resource Files\Images</Filter>
    </Image>
    <Image Include="..\..\media\IMM\06-2m.jpg">
      <Filter>Resource Files\Images</Filter>
    </Image>
    <Image Include="..\..\media\IMM\06-3m.jpg">
      <Filter>Resource Files\Images</Filter>
    </Image>
    <Image Include="..\..\media\IMM\06-4m.jpg">
      <Filter>Resource Files\Images</Filter>
    </Image>
    <Image Include="..\..\media\IMM\06-5m.jpg">
      <Filter>Resource Files\Images</Filter>
    </Image>
    <Image Include="..\..\media\IMM\06-6m.jpg">
      <Filter>Resource Files\Images</Filter>
    </Image>
    <Image Include="..\..\media\IMM\07-1m.jpg">
      <Filter>Resource Files\Images</Filter>
    </Image>
    <Image Include="..\..\media\IMM\07-2m.jpg">
      <Filter>Resource Files\Images</Filter>
    </Image>
    <Image Include="..\..\media\IMM\07-3m.jpg">
      <Filter>Resource Files\Images</Filter>
    </Image>
    <Image Include="..\..\media\IMM\07-4m.jpg">
      <Filter>Resource Files\Images</Filter>
    </Image>
    <Image Include="..\..\media\IMM\07-5m.jpg">
      <Filter>Resource Files\Images</Filter>
    </Image>
    <Image Include="..\..\media\IMM\07-6m.jpg">
      <Filter>Resource Files\Images</Filter>
    </Image>
    <Image Include="..\..\media\IMM\08-1f.jpg">
      <Filter>Resource Files\Images</Filter>
    </Image>
    <Image Include="..\..\media\IMM\08-2f.jpg">
      <Filter>Resource Files\Images</Filter>
    </Image>
    <Image Include="..\..\media\IMM\08-3f.jpg">
      <Filter>Resource Files\Images</Filter>
    </Image>
    <Image Include="..\..\media\IMM\08-4f.jpg">
      <Filter>Resource Files\Images</Filter>
    </Image>
    <Image Include="..\..\media\IMM\08-5f.jpg">
      <Filter>Resource Files\Images</Filter>
    </Image>
    <Image Include="..\..\media\IMM\08-6f.jpg">
      <Filter>Resource Files\Images</Filter>
    </Image>
    <Image Include="..\..\media\IMM\09-1m.jpg">
      <Filter>Resource Files\Images</Filter>
    </Image>
    <Image Include="..\..\media\IMM\09-2m.jpg">
      <Filter>Resource Files\Images</Filter>
    </Image>
    <Image Include="..\..\media\IMM\09-3m.jpg">
      <Filter>Resource Files\Images</Filter>
    </Image>
    <Image Include="..\..\media\IMM\09-4m.jpg">
      <Filter>Resource Files\Images</Filter>
    </Image>
    <Image Include="..\..\media\IMM\09-5m.jpg">
      <Filter>Resource Files\Images</Filter>
    </Image>
    <Image Include="..\..\media\IMM\09-6m.jpg">
      <Filter>Resource Files\Images</Filter>
    </Image>
    <Image Include="..\..\media\IMM\10-1m.jpg">
      <Filter>Resource Files\Images</Filter>
    </Image>
    <Image Include="..\..\media\IMM\10-2m.jpg">
      <Filter>Resource Files\Images</Filter>
    </Image>
    <Image Include="..\..\media\IMM\10-3m.jpg">
      <Filter>Resource Files\Images</Filter>
    </Image>
    <Image Include="..\..\media\IMM\10-4m.jpg">
      <Filter>Resource Files\Images</Filter>
    </Image>
    <Image Include="..\..\media\IMM\10-5m.jpg">
      <Filter>Resource Files\Images</Filter>
    </Image>
    <Image Include="..\..\media\IMM\10-6m.jpg">
      <Filter>Resource Files\Images</Filter>
    </Image>
    <Image Include="..\..\media\IMM\11-1m.jpg">
      <Filter>Resource Files\Images</Filter>
    </Image>
    <Image Include="..\..\media\IMM\11-2m.jpg">
      <Filter>Resource Files\Images</Filter>
    </Image>
    <Image Include="..\..\media\IMM\11-3m.jpg">
      <Filter>Resource Files\Images</Filter>
    </Image>
    <Image Include="..\..\media\IMM\11-4m.jpg">
      <Filter>Resource Files\Images</Filter>
    </Image>
    <Image Include="..\..\media\IMM\11-5m.jpg">
      <Filter>Resource Files\Images</Filter>
    </Image>
    <Image Include="..\..\media\IMM\11-6m.jpg">
      <Filter>Resource Files\Images</Filter>
    </Image>
    <Image Include="..\..\media\IMM\12-1f.jpg">
      <Filter>Resource Files\Images</Filter>
    </Image>
    <Image Include="..\..\media\IMM\12-2f.jpg">
      <Filter>Resource Files\Images</Filter>
    </Image>
    <Image Include="..\..\media\IMM\12-3f.jpg">
      <Filter>Resource Files\Images</Filter>
    </Image>
    <Image Include="..\..\media\IMM\12-4f.jpg">
      <Filter>Resource Files\Images</Filter>
    </Image>
    <Image Include="..\..\media\IMM\12-5f.jpg">
      <Filter>Resource Files\Images</Filter>
    </Image>
    <Image Include="..\..\media\IMM\12-6f.jpg">
      <Filter>Resource Files\Images</Filter>
    </Image>
    <Image Include="..\..\media\IMM\13-1m.jpg">
      <Filter>Resource Files\Images</Filter>
    </Image>
    <Image Include="..\..\media\IMM\13-2m.jpg">
      <Filter>Resource Files\Images</Filter>
    </Image>
    <Image Include="..\..\media\IMM\13-3m.jpg">
      <Filter>Resource Files\Images</Filter>
    </Image>
    <Image Include="..\..\media\IMM\13-4m.jpg">
      <Filter>Resource Files\Images</Filter>
    </Image>
    <Image Include="..\..\media\IMM\13-5m.jpg">
      <Filter>Resource Files\Images</Filter>
    </Image>
    <Image Include="..\..\media\IMM\13-6m.jpg">
      <Filter>Resource Files\Images</Filter>
    </Image>
    <Image Include="..\..\media\IMM\14-1f.jpg">
      <Filter>Resource Files\Images</Filter>
    </Image>
    <Image Include="..\..\media\IMM\14-2f.jpg">
      <Filter>Resource Files\Images</Filter>
    </Image>
    <Image Include="..\..\media\IMM\14-3f.jpg">
      <Filter>Resource Files\Images</Filter>
    </Image>
    <Image Include="..\..\media\IMM\14-4f.jpg">
      <Filter>Resource Files\Images</Filter>
    </Image>
    <Image Include="..\..\media\IMM\14-5f.jpg">
      <Filter>Resource Files\Images</Filter>
    </Image>
    <Image Include="..\..\media\IMM\14-6f.jpg">
      <Filter>Resource Files\Images</Filter>
    </Image>
    <Image Include="..\..\media\IMM\15-1f.jpg">
      <Filter>Resource Files\Images</Filter>
    </Image>
    <Image Include="..\..\media\IMM\15-2f.jpg">
      <Filter>Resource Files\Images</Filter>
    </Image>
    <Image Include="..\..\media\IMM\15-3f.jpg">
      <Filter>Resource Files\Images</Filter>
    </Image>
    <Image Include="..\..\media\IMM\15-4f.jpg">
      <Filter>Resource Files\Images</Filter>
    </Image>
    <Image Include="..\..\media\IMM\15-5f.jpg">
      <Filter>Resource Files\Images</Filter>
    </Image>
    <Image Include="..\..\media\IMM\15-6f.jpg">
      <Filter>Resource Files\Images</Filter>
    </Image>
    <Image Include="..\..\media\IMM\16-1m.jpg">
      <Filter>Resource Files\Images</Filter>
    </Image>
    <Image Include="..\..\media\IMM\16-2m.jpg">
      <Filter>Resource Files\Images</Filter>
    </Image>
    <Image Include="..\..\media\IMM\16-3m.jpg">
      <Filter>Resource Files\Images</Filter>
    </Image>
    <Image Include="..\..\media\IMM\16-4m.jpg">
      <Filter>Resource Files\Images</Filter>
    </Image>
    <Image Include="..\..\media\IMM\16-5m.jpg">
      <Filter>Resource Files\Images</Filter>
    </Image>
    <Image Include="..\..\media\IMM\16-6m.jpg">
      <Filter>Resource Files\Images</Filter>
    </Image>
    <Image Include="..\..\media\IMM\17-1m.jpg">
      <Filter>Resource Files\Images</Filter>
    </Image>
    <Image Include="..\..\media\IMM\17-2m.jpg">
      <Filter>Resource Files\Images</Filter>
    </Image>
    <Image Include="..\..\media\IMM\17-3m.jpg">
      <Filter>Resource Files\Images</Filter>
    </Image>
    <Image Include="..\..\media\IMM\17-4m.jpg">
      <Filter>Resource Files\Images</Filter>
    </Image>
    <Image Include="..\..\media\IMM\17-5m.jpg">
      <Filter>Resource Files\Images</Filter>
    </Image>
    <Image Include="..\..\media\IMM\17-6m.jpg">
      <Filter>Resource Files\Images</Filter>
    </Image>
    <Image Include="..\..\media\IMM\18-1m.jpg">
      <Filter>Resource Files\Images</Filter>
    </Image>
    <Image Include="..\..\media\IMM\18-2m.jpg">
      <Filter>Resource Files\Images</Filter>
    </Image>
    <Image Include="..\..\media\IMM\18-3m.jpg">
      <Filter>Resource Files\Images</Filter>
    </Image>
    <Image Include="..\..\media\IMM\18-4m.jpg">
      <Filter>Resource Files\Images</Filter>
    </Image>
    <Image Include="..\..\media\IMM\18-5m.jpg">
      <Filter>Resource Files\Images</Filter>
    </Image>
    <Image Include="..\..\media\IMM\18-6m.jpg">
      <Filter>Resource Files\Images</Filter>
    </Image>
    <Image Include="..\..\media\IMM\19-1m.jpg">
      <Filter>Resource Files\Images</Filter>
    </Image>
    <Image Include="..\..\media\IMM\19-2m.jpg">
      <Filter>Resource Files\Images</Filter>
    </Image>
    <Image Include="..\..\media\IMM\19-3m.jpg">
      <Filter>Resource Files\Images</Filter>
    </Image>
    <Image Include="..\..\media\IMM\19-4m.jpg">
      <Filter>Resource Files\Images</Filter>
    </Image>
    <Image Include="..\..\media\IMM\19-5m.jpg">
      <Filter>Resource Files\Images</Filter>
    </Image>
    <Image Include="..\..\media\IMM\19-6m.jpg">
      <Filter>Resource Files\Images</Filter>
    </Image>
    <Image Include="..\..\media\IMM\20-1m.jpg">
      <Filter>Resource Files\Images</Filter>
    </Image>
    <Image Include="..\..\media\IMM\20-2m.jpg">
      <Filter>Resource Files\Images</Filter>
    </Image>
    <Image Include="..\..\media\IMM\20-3m.jpg">
      <Filter>Resource Files\Images</Filter>
    </Image>
    <Image Include="..\..\media\IMM\20-4m.jpg">
      <Filter>Resource Files\Images</Filter>
    </Image>
    <Image Include="..\..\media\IMM\20-5m.jpg">
      <Filter>Resource Files\Images</Filter>
    </Image>
    <Image Include="..\..\media\IMM\20-6m.jpg">
      <Filter>Resource Files\Images</Filter>
    </Image>
    <Image Include="..\..\media\IMM\21-1m.jpg">
      <Filter>Resource Files\Images</Filter>
    </Image>
    <Image Include="..\..\media\IMM\21-2m.jpg">
      <Filter>Resource Files\Images</Filter>
    </Image>
    <Image Include="..\..\media\IMM\21-3m.jpg">
      <Filter>Resource Files\Images</Filter>
    </Image>
    <Image Include="..\..\media\IMM\21-4m.jpg">
      <Filter>Resource Files\Images</Filter>
    </Image>
    <Image Include="..\..\media\IMM\21-5m.jpg">
      <Filter>Resource Files\Images</Filter>
    </Image>
    <Image Include="..\..\media\IMM\21-6m.jpg">
      <Filter>Resource Files\Images</Filter>
    </Image>
    <Image Include="..\..\media\IMM\22-1f.jpg">
      <Filter>Resource Files\Images</Filter>
    </Image>
    <Image Include="..\..\media\IMM\22-2f.jpg">
      <Filter>Resource Files\Images</Filter>
    </Image>
    <Image Include="..\..\media\IMM\22-3f.jpg">
      <Filter>Resource Files\Images</Filter>
    </Image>
    <Image Include="..\..\media\IMM\22-4f.jpg">
      <Filter>Resource Files\Images</Filter>
    </Image>
    <Image Include="..\..\media\IMM\22-5f.jpg">
      <Filter>Resource Files\Images</Filter>
    </Image>
    <Image Include="..\..\media\IMM\22-6f.jpg">
      <Filter>Resource Files\Images</Filter>
    </Image>
    <Image Include="..\..\media\IMM\23-1m.jpg">
      <Filter>Resource Files\Images</Filter>
    </Image>
    <Image Include="..\..\media\IMM\23-2m.jpg">
      <Filter>Resource Files\Images</Filter>
    </Image>
    <Image Include="..\..\media\IMM\23-3m.jpg">
      <Filter>Resource Files\Images</Filter>
    </Image>
    <Image Include="..\..\media\IMM\23-4m.jpg">
      <Filter>Resource Files\Images</Filter>
    </Image>
    <Image Include="..\..\media\IMM\23-5m.jpg">
      <Filter>Resource Files\Images</Filter>
    </Image>
    <Image Include="..\..\media\IMM\23-6m.jpg">
      <Filter>Resource Files\Images</Filter>
    </Image>
    <Image Include="..\..\media\IMM\24-1m.jpg">
      <Filter>Resource Files\Images</Filter>
    </Image>
    <Image Include="..\..\media\IMM\24-2m.jpg">
      <Filter>Resource Files\Images</Filter>
    </Image>
    <Image Include="..\..\media\IMM\24-3m.jpg">
      <Filter>Resource Files\Images</Filter>
    </Image>
    <Image Include="..\..\media\IMM\24-4m.jpg">
      <Filter>Resource Files\Images</Filter>
    </Image>
    <Image Include="..\..\media\IMM\24-5m.jpg">
      <Filter>Resource Files\Images</Filter>
    </Image>
    <Image Include="..\..\media\IMM\24-6m.jpg">
      <Filter>Resource Files\Images</Filter>
    </Image>
    <Image Include="..\..\media\IMM\25-1m.jpg">
      <Filter>Resource Files\Images</Filter>
    </Image>
    <Image Include="..\..\media\IMM\25-2m.jpg">
      <Filter>Resource Files\Images</Filter>
    </Image>
    <Image Include="..\..\media\IMM\25-3m.jpg">
      <Filter>Resource Files\Images</Filter>
    </Image>
    <Image Include="..\..\media\IMM\25-4m.jpg">
      <Filter>Resource Files\Images</Filter>
    </Image>
    <Image Include="..\..\media\IMM\25-5m.jpg">
      <Filter>Resource Files\Images</Filter>
    </Image>
    <Image Include="..\..\media\IMM\25-6m.jpg">
      <Filter>Resource Files\Images</Filter>
    </Image>
    <Image Include="..\..\media\IMM\26-1m.jpg">
      <Filter>Resource Files\Images</Filter>
    </Image>
    <Image Include="..\..\media\IMM\26-2m.jpg">
      <Filter>Resource Files\Images</Filter>
    </Image>
    <Image Include="..\..\media\IMM\26-3m.jpg">
      <Filter>Resource Files\Images</Filter>
    </Image>
    <Image Include="..\..\media\IMM\26-4m.jpg">
      <Filter>Resource Files\Images</Filter>
    </Image>
    <Image Include="..\..\media\IMM\26-5m.jpg">
      <Filter>Resource Files\Images</Filter>
    </Image>
    <Image Include="..\..\media\IMM\26-6m.jpg">
      <Filter>Resource Files\Images</Filter>
    </Image>
    <Image Include="..\..\media\IMM\27-1m.jpg">
      <Filter>Resource Files\Images</Filter>
    </Image>
    <Image Include="..\..\media\IMM\27-2m.jpg">
      <Filter>Resource Files\Images</Filter>
    </Image>
    <Image Include="..\..\media\IMM\27-3m.jpg">
      <Filter>Resource Files\Images</Filter>
    </Image>
    <Image Include="..\..\media\IMM\27-4m.jpg">
      <Filter>Resource Files\Images</Filter>
    </Image>
    <Image Include="..\..\media\IMM\27-5m.jpg">
      <Filter>Resource Files\Images</Filter>
    </Image>
    <Image Include="..\..\media\IMM\27-6m.jpg">
      <Filter>Resource Files\Images</Filter>
    </Image>
    <Image Include="..\..\media\IMM\28-1m.jpg">
      <Filter>Resource Files\Images</Filter>
    </Image>
    <Image Include="..\..\media\IMM\28-2m.jpg">
      <Filter>Resource Files\Images</Filter>
    </Image>
    <Image Include="..\..\media\IMM\28-3m.jpg">
      <Filter>Resource Files\Images</Filter>
    </Image>
    <Image Include="..\..\media\IMM\28-4m.jpg">
      <Filter>Resource Files\Images</Filter>
    </Image>
    <Image Include="..\..\media\IMM\28-5m.jpg">
      <Filter>Resource Files\Images</Filter>
    </Image>
    <Image Include="..\..\media\IMM\28-6m.jpg">
      <Filter>Resource Files\Images</Filter>
    </Image>
    <Image Include="..\..\media\IMM\29-1m.jpg">
      <Filter>Resource Files\Images</Filter>
    </Image>
    <Image Include="..\..\media\IMM\29-2m.jpg">
      <Filter>Resource Files\Images</Filter>
    </Image>
    <Image Include="..\..\media\IMM\29-3m.jpg">
      <Filter>Resource Files\Images</Filter>
    </Image>
    <Image Include="..\..\media\IMM\29-4m.jpg">
      <Filter>Resource Files\Images</Filter>
    </Image>
    <Image Include="..\..\media\IMM\29-5m.jpg">
      <Filter>Resource Files\Images</Filter>
    </Image>
    <Image Include="..\..\media\IMM\29-6m.jpg">
      <Filter>Resource Files\Images</Filter>
    </Image>
    <Image Include="..\..\media\IMM\30-1f.jpg">
      <Filter>Resource Files\Images</Filter>
    </Image>
    <Image Include="..\..\media\IMM\30-2f.jpg">
      <Filter>Resource Files\Images</Filter>
    </Image>
    <Image Include="..\..\media\IMM\30-3f.jpg">
      <Filter>Resource Files\Images</Filter>
    </Image>
    <Image Include="..\..\media\IMM\30-4f.jpg">
      <Filter>Resource Files\Images</Filter>
    </Image>
    <Image Include="..\..\media\IMM\30-5f.jpg">
      <Filter>Resource Files\Images</Filter>
    </Image>
    <Image Include="..\..\media\IMM\30-6f.jpg">
      <Filter>Resource Files\Images</Filter>
    </Image>
    <Image Include="..\..\media\IMM\31-1m.jpg">
      <Filter>Resource Files\Images</Filter>
    </Image>
    <Image Include="..\..\media\IMM\31-2m.jpg">
      <Filter>Resource Files\Images</Filter>
    </Image>
    <Image Include="..\..\media\IMM\31-3m.jpg">
      <Filter>Resource Files\Images</Filter>
    </Image>
    <Image Include="..\..\media\IMM\31-4m.jpg">
      <Filter>Resource Files\Images</Filter>
    </Image>
    <Image Include="..\..\media\IMM\31-5m.jpg">
      <Filter>Resource Files\Images</Filter>
    </Image>
    <Image Include="..\..\media\IMM\31-6m.jpg">
      <Filter>Resource Files\Images</Filter>
    </Image>
    <Image Include="..\..\media\IMM\32-1m.jpg">
      <Filter>Resource Files\Images</Filter>
    </Image>
    <Image Include="..\..\media\IMM\32-2m.jpg">
      <Filter>Resource Files\Images</Filter>
    </Image>
    <Image Include="..\..\media\IMM\32-3m.jpg">
      <Filter>Resource Files\Images</Filter>
    </Image>
    <Image Include="..\..\media\IMM\32-4m.jpg">
      <Filter>Resource Files\Images</Filter>
    </Image>
    <Image Include="..\..\media\IMM\32-5m.jpg">
      <Filter>Resource Files\Images</Filter>
    </Image>
    <Image Include="..\..\media\IMM\32-6m.jpg">
      <Filter>Resource Files\Images</Filter>
    </Image>
    <Image Include="..\..\media\IMM\33-1m.jpg">
      <Filter>Resource Files\Images</Filter>
    </Image>
    <Image Include="..\..\media\IMM\33-2m.jpg">
      <Filter>Resource Files\Images</Filter>
    </Image>
    <Image Include="..\..\media\IMM\33-3m.jpg">
      <Filter>Resource Files\Images</Filter>
    </Image>
    <Image Include="..\..\media\IMM\33-4m.jpg">
      <Filter>Resource Files\Images</Filter>
    </Image>
    <Image Include="..\..\media\IMM\33-5m.jpg">
      <Filter>Resource Files\Images</Filter>
    </Image>
    <Image Include="..\..\media\IMM\33-6m.jpg">
      <Filter>Resource Files\Images</Filter>
    </Image>
    <Image Include="..\..\media\IMM\34-1m.jpg">
      <Filter>Resource Files\Images</Filter>
    </Image>
    <Image Include="..\..\media\IMM\34-2m.jpg">
      <Filter>Resource Files\Images</Filter>
    </Image>
    <Image Include="..\..\media\IMM\34-3m.jpg">
      <Filter>Resource Files\Images</Filter>
    </Image>
    <Image Include="..\..\media\IMM\34-4m.jpg">
      <Filter>Resource Files\Images</Filter>
    </Image>
    <Image Include="..\..\media\IMM\34-5m.jpg">
      <Filter>Resource Files\Images</Filter>
    </Image>
    <Image Include="..\..\media\IMM\34-6m.jpg">
      <Filter>Resource Files\Images</Filter>
    </Image>
    <Image Include="..\..\media\IMM\35-1f.jpg">
      <Filter>Resource Files\Images</Filter>
    </Image>
    <Image Include="..\..\media\IMM\35-2f.jpg">
      <Filter>Resource Files\Images</Filter>
    </Image>
    <Image Include="..\..\media\IMM\35-3f.jpg">
      <Filter>Resource Files\Images</Filter>
    </Image>
    <Image Include="..\..\media\IMM\35-4f.jpg">
      <Filter>Resource Files\Images</Filter>
    </Image>
    <Image Include="..\..\media\IMM\35-5f.jpg">
      <Filter>Resource Files\Images</Filter>
    </Image>
    <Image Include="..\..\media\IMM\35-6f.jpg">
      <Filter>Resource Files\Images</Filter>
    </Image>
    <Image Include="..\..\media\IMM\36-1m.jpg">
      <Filter>Resource Files\Images</Filter>
    </Image>
    <Image Include="..\..\media\IMM\36-2m.jpg">
      <Filter>Resource Files\Images</Filter>
    </Image>
    <Image Include="..\..\media\IMM\36-3m.jpg">
      <Filter>Resource Files\Images</Filter>
    </Image>
    <Image Include="..\..\media\IMM\36-4m.jpg">
      <Filter>Resource Files\Images</Filter>
    </Image>
    <Image Include="..\..\media\IMM\36-5m.jpg">
      <Filter>Resource Files\Images</Filter>
    </Image>
    <Image Include="..\..\media\IMM\36-6m.jpg">
      <Filter>Resource Files\Images</Filter>
    </Image>
    <Image Include="..\..\media\IMM\37-1m.jpg">
      <Filter>Resource Files\Images</Filter>
    </Image>
    <Image Include="..\..\media\IMM\37-2m.jpg">
      <Filter>Resource Files\Images</Filter>
    </Image>
    <Image Include="..\..\media\IMM\37-3m.jpg">
      <Filter>Resource Files\Images</Filter>
    </Image>
    <Image Include="..\..\media\IMM\37-4m.jpg">
      <Filter>Resource Files\Images</Filter>
    </Image>
    <Image Include="..\..\media\IMM\37-5m.jpg">
      <Filter>Resource Files\Images</Filter>
    </Image>
    <Image Include="..\..\media\IMM\37-6m.jpg">
      <Filter>Resource Files\Images</Filter>
    </Image>
    <Image Include="..\..\media\IMM\38-1m.jpg">
      <Filter>Resource Files\Images</Filter>
    </Image>
    <Image Include="..\..\media\IMM\38-2m.jpg">
      <Filter>Resource Files\Images</Filter>
    </Image>
    <Image Include="..\..\media\IMM\38-3m.jpg">
      <Filter>Resource Files\Images</Filter>
    </Image>
    <Image Include="..\..\media\IMM\38-4m.jpg">
      <Filter>Resource Files\Images</Filter>
    </Image>
    <Image Include="..\..\media\IMM\38-5m.jpg">
      <Filter>Resource Files\Images</Filter>
    </Image>
    <Image Include="..\..\media\IMM\38-6m.jpg">
      <Filter>Resource Files\Images</Filter>
    </Image>
    <Image Include="..\..\media\IMM\39-1m.jpg">
      <Filter>Resource Files\Images</Filter>
    </Image>
    <Image Include="..\..\media\IMM\39-2m.jpg">
      <Filter>Resource Files\Images</Filter>
    </Image>
    <Image Include="..\..\media\IMM\39-3m.jpg">
      <Filter>Resource Files\Images</Filter>
    </Image>
    <Image Include="..\..\media\IMM\39-4m.jpg">
      <Filter>Resource Files\Images</Filter>
    </Image>
    <Image Include="..\..\media\IMM\39-5m.jpg">
      <Filter>Resource Files\Images</Filter>
    </Image>
    <Image Include="..\..\media\IMM\39-6m.jpg">
      <Filter>Resource Files\Images</Filter>
    </Image>
    <Image Include="..\..\media\IMM\40-1m.jpg">
      <Filter>Resource Files\Images</Filter>
    </Image>
    <Image Include="..\..\media\IMM\40-2m.jpg">
      <Filter>Resource Files\Images</Filter>
    </Image>
    <Image Include="..\..\media\IMM\40-3m.jpg">
      <Filter>Resource Files\Images</Filter>
    </Image>
    <Image Include="..\..\media\IMM\40-4m.jpg">
      <Filter>Resource Files\Images</Filter>
    </Image>
    <Image Include="..\..\media\IMM\40-5m.jpg">
      <Filter>Resource Files\Images</Filter>
    </Image>
    <Image Include="..\..\media\IMM\40-6m.jpg">
      <Filter>Resource Files\Images</Filter>
    </Image>
  </ItemGroup>
  <ItemGroup>
    <Text Include="..\..\media\IMM\TrainingSet.txt">
      <Filter>Resource Files</Filter>
    </Text>
  </ItemGroup>
</Project>